
Microsoft Visual Studio Solution File, Format Version 12.00
# Visual Studio Version 17
VisualStudioVersion = 17.6.33723.286
MinimumVisualStudioVersion = 10.0.40219.1
Project("{FAE04EC0-301F-11D3-BF4B-00C04F79EFBC}") = "ejercicio59", "ejercicio59\ejercicio59.csproj", "{8775DD4F-711A-442A-A1A7-8EC23D5BB27A}"
EndProject
Global
	GlobalSection(SolutionConfigurationPlatforms) = preSolution
		Debug|Any CPU = Debug|Any CPU
		Release|Any CPU = Release|Any CPU
	EndGlobalSection
	GlobalSection(ProjectConfigurationPlatforms) = postSolution
		{8775DD4F-711A-442A-A1A7-8EC23D5BB27A}.Debug|Any CPU.ActiveCfg = Debug|Any CPU
		{8775DD4F-711A-442A-A1A7-8EC23D5BB27A}.Debug|Any CPU.Build.0 = Debug|Any CPU
		{8775DD4F-711A-442A-A1A7-8EC23D5BB27A}.Release|Any CPU.ActiveCfg = Release|Any CPU
		{8775DD4F-711A-442A-A1A7-8EC23D5BB27A}.Release|Any CPU.Build.0 = Release|Any CPU
	EndGlobalSection
	GlobalSection(SolutionProperties) = preSolution
		HideSolutionNode = FALSE
	EndGlobalSection
	GlobalSection(ExtensibilityGlobals) = postSolution
		SolutionGuid = {8AFAAF1A-ECB4-4B2B-8701-1C03A569FCCF}
	EndGlobalSection
EndGlobal
